<?xml version="1.0" encoding="utf-8"?>
<Project ToolsVersion="4.0" xmlns="http://schemas.microsoft.com/developer/msbuild/2003">
  <ItemGroup>
    <Filter Include="Source Files">
      <UniqueIdentifier>{4FC737F1-C7A5-4376-A066-2A32D752A2FF}</UniqueIdentifier>
      <Extensions>cpp;c;cc;cxx;def;odl;idl;hpj;bat;asm;asmx</Extensions>
    </Filter>
    <Filter Include="Header Files">
      <UniqueIdentifier>{93995380-89BD-4b04-88EB-625FBE52EBFB}</UniqueIdentifier>
      <Extensions>h;hpp;hxx;hm;inl;inc;xsd</Extensions>
    </Filter>
    <Filter Include="Resource Files">
      <UniqueIdentifier>{67DA6AB6-F800-4c08-8B7A-83BB121AAD01}</UniqueIdentifier>
      <Extensions>rc;ico;cur;bmp;dlg;rc2;rct;bin;rgs;gif;jpg;jpeg;jpe;resx;tiff;tif;png;wav;mfcribbon-ms</Extensions>
    </Filter>
    <Filter Include="util">
      <UniqueIdentifier>{7b852a35-f769-40fd-8bf1-fa2aed5b5329}</UniqueIdentifier>
    </Filter>
  </ItemGroup>
  <ItemGroup>
    <ClInclude Include="access_security.h">
      <Filter>Header Files</Filter>
    </ClInclude>
    <ClInclude Include="common.h">
      <Filter>Header Files</Filter>
    </ClInclude>
    <ClInclude Include="data_security.h">
      <Filter>Header Files</Filter>
    </ClInclude>
    <ClInclude Include="encry_context.h">
      <Filter>Header Files</Filter>
    </ClInclude>
    <ClInclude Include="frame_buffer.h">
      <Filter>Header Files</Filter>
    </ClInclude>
    <ClInclude Include="meter_handler.h">
      <Filter>Header Files</Filter>
    </ClInclude>
    <ClInclude Include="meter_simulator_server.h">
      <Filter>Header Files</Filter>
    </ClInclude>
    <ClInclude Include="minidump.h">
      <Filter>Header Files</Filter>
    </ClInclude>
    <ClInclude Include="object_transfer.h">
      <Filter>Header Files</Filter>
    </ClInclude>
    <ClInclude Include="ptcl_handler_serv.h">
      <Filter>Header Files</Filter>
    </ClInclude>
    <ClInclude Include="server_channel.hpp">
      <Filter>Header Files</Filter>
    </ClInclude>
    <ClInclude Include="simulator_config.h">
      <Filter>Header Files</Filter>
    </ClInclude>
    <ClInclude Include="..\..\include\util\public.h">
      <Filter>util</Filter>
    </ClInclude>
    <ClInclude Include="thread_pool.hpp">
      <Filter>Header Files</Filter>
    </ClInclude>
  </ItemGroup>
  <ItemGroup>
    <ClCompile Include="access_security.cpp">
      <Filter>Source Files</Filter>
    </ClCompile>
    <ClCompile Include="common.cpp">
      <Filter>Source Files</Filter>
    </ClCompile>
    <ClCompile Include="data_security.cpp">
      <Filter>Source Files</Filter>
    </ClCompile>
    <ClCompile Include="encry_context.cpp">
      <Filter>Source Files</Filter>
    </ClCompile>
    <ClCompile Include="frame_buffer.cpp">
      <Filter>Source Files</Filter>
    </ClCompile>
    <ClCompile Include="meter_handler.cpp">
      <Filter>Source Files</Filter>
    </ClCompile>
    <ClCompile Include="meter_simulator.cpp">
      <Filter>Source Files</Filter>
    </ClCompile>
    <ClCompile Include="meter_simulator_server.cpp">
      <Filter>Source Files</Filter>
    </ClCompile>
    <ClCompile Include="object_transfer.cpp">
      <Filter>Source Files</Filter>
    </ClCompile>
    <ClCompile Include="ptcl_handler_serv.cpp">
      <Filter>Source Files</Filter>
    </ClCompile>
    <ClCompile Include="simulator_config.cpp">
      <Filter>Source Files</Filter>
    </ClCompile>
    <ClCompile Include="..\..\common\util\public.cpp">
      <Filter>util</Filter>
    </ClCompile>
  </ItemGroup>
</Project>